
Microsoft Visual Studio Solution File, Format Version 12.00
# Visual Studio 15
VisualStudioVersion = 15.0.26403.0
MinimumVisualStudioVersion = 10.0.40219.1
Project("{8BC9CEB8-8B4A-11D0-8D11-00A0C91BC942}") = "021", "021\021.vcxproj", "{89BE6C1B-B751-436B-8F1B-9C975AB9030E}"
EndProject
Project("{8BC9CEB8-8B4A-11D0-8D11-00A0C91BC942}") = "022", "022\022.vcxproj", "{DE5B2FBC-3AD3-4310-8D86-B9C6777FABBA}"
EndProject
Project("{8BC9CEB8-8B4A-11D0-8D11-00A0C91BC942}") = "023", "023\023.vcxproj", "{5DDC9227-2591-4B9D-9D77-73B985A11A7B}"
EndProject
Project("{8BC9CEB8-8B4A-11D0-8D11-00A0C91BC942}") = "024", "024\024.vcxproj", "{BB115C53-70BB-492C-96DA-05C02F9B3554}"
EndProject
Project("{8BC9CEB8-8B4A-11D0-8D11-00A0C91BC942}") = "025", "025\025.vcxproj", "{1E210873-57B3-4B91-A137-B73867876665}"
EndProject
Project("{8BC9CEB8-8B4A-11D0-8D11-00A0C91BC942}") = "026", "026\026.vcxproj", "{0C6A4724-0BEB-410D-AA71-BF8DD33AEE5A}"
EndProject
Project("{8BC9CEB8-8B4A-11D0-8D11-00A0C91BC942}") = "027", "027\027.vcxproj", "{486D39A8-362D-4ACB-8B56-DB272D6AEB8C}"
EndProject
Project("{8BC9CEB8-8B4A-11D0-8D11-00A0C91BC942}") = "028", "028\028.vcxproj", "{5C32910F-CFEA-4E16-90C8-23EAB5EC2158}"
EndProject
Project("{8BC9CEB8-8B4A-11D0-8D11-00A0C91BC942}") = "029", "029\029.vcxproj", "{41B2FE59-64FE-4AA9-9E7E-FFCF5658CB5D}"
EndProject
Global
	GlobalSection(SolutionConfigurationPlatforms) = preSolution
		Debug|x64 = Debug|x64
		Debug|x86 = Debug|x86
		Release|x64 = Release|x64
		Release|x86 = Release|x86
	EndGlobalSection
	GlobalSection(ProjectConfigurationPlatforms) = postSolution
		{89BE6C1B-B751-436B-8F1B-9C975AB9030E}.Debug|x64.ActiveCfg = Debug|x64
		{89BE6C1B-B751-436B-8F1B-9C975AB9030E}.Debug|x64.Build.0 = Debug|x64
		{89BE6C1B-B751-436B-8F1B-9C975AB9030E}.Debug|x86.ActiveCfg = Debug|Win32
		{89BE6C1B-B751-436B-8F1B-9C975AB9030E}.Debug|x86.Build.0 = Debug|Win32
		{89BE6C1B-B751-436B-8F1B-9C975AB9030E}.Release|x64.ActiveCfg = Release|x64
		{89BE6C1B-B751-436B-8F1B-9C975AB9030E}.Release|x64.Build.0 = Release|x64
		{89BE6C1B-B751-436B-8F1B-9C975AB9030E}.Release|x86.ActiveCfg = Release|Win32
		{89BE6C1B-B751-436B-8F1B-9C975AB9030E}.Release|x86.Build.0 = Release|Win32
		{DE5B2FBC-3AD3-4310-8D86-B9C6777FABBA}.Debug|x64.ActiveCfg = Debug|Win32
		{DE5B2FBC-3AD3-4310-8D86-B9C6777FABBA}.Debug|x86.ActiveCfg = Debug|Win32
		{DE5B2FBC-3AD3-4310-8D86-B9C6777FABBA}.Debug|x86.Build.0 = Debug|Win32
		{DE5B2FBC-3AD3-4310-8D86-B9C6777FABBA}.Release|x64.ActiveCfg = Release|Win32
		{DE5B2FBC-3AD3-4310-8D86-B9C6777FABBA}.Release|x86.ActiveCfg = Release|Win32
		{DE5B2FBC-3AD3-4310-8D86-B9C6777FABBA}.Release|x86.Build.0 = Release|Win32
		{5DDC9227-2591-4B9D-9D77-73B985A11A7B}.Debug|x64.ActiveCfg = Debug|Win32
		{5DDC9227-2591-4B9D-9D77-73B985A11A7B}.Debug|x86.ActiveCfg = Debug|Win32
		{5DDC9227-2591-4B9D-9D77-73B985A11A7B}.Debug|x86.Build.0 = Debug|Win32
		{5DDC9227-2591-4B9D-9D77-73B985A11A7B}.Release|x64.ActiveCfg = Release|Win32
		{5DDC9227-2591-4B9D-9D77-73B985A11A7B}.Release|x86.ActiveCfg = Release|Win32
		{5DDC9227-2591-4B9D-9D77-73B985A11A7B}.Release|x86.Build.0 = Release|Win32
		{BB115C53-70BB-492C-96DA-05C02F9B3554}.Debug|x64.ActiveCfg = Debug|Win32
		{BB115C53-70BB-492C-96DA-05C02F9B3554}.Debug|x86.ActiveCfg = Debug|Win32
		{BB115C53-70BB-492C-96DA-05C02F9B3554}.Debug|x86.Build.0 = Debug|Win32
		{BB115C53-70BB-492C-96DA-05C02F9B3554}.Release|x64.ActiveCfg = Release|Win32
		{BB115C53-70BB-492C-96DA-05C02F9B3554}.Release|x86.ActiveCfg = Release|Win32
		{BB115C53-70BB-492C-96DA-05C02F9B3554}.Release|x86.Build.0 = Release|Win32
		{1E210873-57B3-4B91-A137-B73867876665}.Debug|x64.ActiveCfg = Debug|Win32
		{1E210873-57B3-4B91-A137-B73867876665}.Debug|x86.ActiveCfg = Debug|Win32
		{1E210873-57B3-4B91-A137-B73867876665}.Debug|x86.Build.0 = Debug|Win32
		{1E210873-57B3-4B91-A137-B73867876665}.Release|x64.ActiveCfg = Release|Win32
		{1E210873-57B3-4B91-A137-B73867876665}.Release|x86.ActiveCfg = Release|Win32
		{1E210873-57B3-4B91-A137-B73867876665}.Release|x86.Build.0 = Release|Win32
		{0C6A4724-0BEB-410D-AA71-BF8DD33AEE5A}.Debug|x64.ActiveCfg = Debug|Win32
		{0C6A4724-0BEB-410D-AA71-BF8DD33AEE5A}.Debug|x86.ActiveCfg = Debug|Win32
		{0C6A4724-0BEB-410D-AA71-BF8DD33AEE5A}.Debug|x86.Build.0 = Debug|Win32
		{0C6A4724-0BEB-410D-AA71-BF8DD33AEE5A}.Release|x64.ActiveCfg = Release|Win32
		{0C6A4724-0BEB-410D-AA71-BF8DD33AEE5A}.Release|x86.ActiveCfg = Release|Win32
		{0C6A4724-0BEB-410D-AA71-BF8DD33AEE5A}.Release|x86.Build.0 = Release|Win32
		{486D39A8-362D-4ACB-8B56-DB272D6AEB8C}.Debug|x64.ActiveCfg = Debug|Win32
		{486D39A8-362D-4ACB-8B56-DB272D6AEB8C}.Debug|x86.ActiveCfg = Debug|Win32
		{486D39A8-362D-4ACB-8B56-DB272D6AEB8C}.Debug|x86.Build.0 = Debug|Win32
		{486D39A8-362D-4ACB-8B56-DB272D6AEB8C}.Release|x64.ActiveCfg = Release|Win32
		{486D39A8-362D-4ACB-8B56-DB272D6AEB8C}.Release|x86.ActiveCfg = Release|Win32
		{486D39A8-362D-4ACB-8B56-DB272D6AEB8C}.Release|x86.Build.0 = Release|Win32
		{5C32910F-CFEA-4E16-90C8-23EAB5EC2158}.Debug|x64.ActiveCfg = Debug|Win32
		{5C32910F-CFEA-4E16-90C8-23EAB5EC2158}.Debug|x86.ActiveCfg = Debug|Win32
		{5C32910F-CFEA-4E16-90C8-23EAB5EC2158}.Debug|x86.Build.0 = Debug|Win32
		{5C32910F-CFEA-4E16-90C8-23EAB5EC2158}.Release|x64.ActiveCfg = Release|Win32
		{5C32910F-CFEA-4E16-90C8-23EAB5EC2158}.Release|x86.ActiveCfg = Release|Win32
		{5C32910F-CFEA-4E16-90C8-23EAB5EC2158}.Release|x86.Build.0 = Release|Win32
		{41B2FE59-64FE-4AA9-9E7E-FFCF5658CB5D}.Debug|x64.ActiveCfg = Debug|Win32
		{41B2FE59-64FE-4AA9-9E7E-FFCF5658CB5D}.Debug|x86.ActiveCfg = Debug|Win32
		{41B2FE59-64FE-4AA9-9E7E-FFCF5658CB5D}.Debug|x86.Build.0 = Debug|Win32
		{41B2FE59-64FE-4AA9-9E7E-FFCF5658CB5D}.Release|x64.ActiveCfg = Release|Win32
		{41B2FE59-64FE-4AA9-9E7E-FFCF5658CB5D}.Release|x86.ActiveCfg = Release|Win32
		{41B2FE59-64FE-4AA9-9E7E-FFCF5658CB5D}.Release|x86.Build.0 = Release|Win32
	EndGlobalSection
	GlobalSection(SolutionProperties) = preSolution
		HideSolutionNode = FALSE
	EndGlobalSection
EndGlobal
