
Microsoft Visual Studio Solution File, Format Version 12.00
# Visual Studio 15
VisualStudioVersion = 15.0.26403.3
MinimumVisualStudioVersion = 10.0.40219.1
Project("{8BC9CEB8-8B4A-11D0-8D11-00A0C91BC942}") = "021", "021\021.vcxproj", "{89BE6C1B-B751-436B-8F1B-9C975AB9030E}"
EndProject
Project("{8BC9CEB8-8B4A-11D0-8D11-00A0C91BC942}") = "022", "022\022.vcxproj", "{DE5B2FBC-3AD3-4310-8D86-B9C6777FABBA}"
EndProject
Project("{8BC9CEB8-8B4A-11D0-8D11-00A0C91BC942}") = "023", "023\023.vcxproj", "{5DDC9227-2591-4B9D-9D77-73B985A11A7B}"
EndProject
Project("{8BC9CEB8-8B4A-11D0-8D11-00A0C91BC942}") = "024", "024\024.vcxproj", "{BB115C53-70BB-492C-96DA-05C02F9B3554}"
EndProject
Project("{8BC9CEB8-8B4A-11D0-8D11-00A0C91BC942}") = "025", "025\025.vcxproj", "{1E210873-57B3-4B91-A137-B73867876665}"
EndProject
Project("{8BC9CEB8-8B4A-11D0-8D11-00A0C91BC942}") = "026", "026\026.vcxproj", "{0C6A4724-0BEB-410D-AA71-BF8DD33AEE5A}"
EndProject
Project("{8BC9CEB8-8B4A-11D0-8D11-00A0C91BC942}") = "027", "027\027.vcxproj", "{486D39A8-362D-4ACB-8B56-DB272D6AEB8C}"
EndProject
Project("{8BC9CEB8-8B4A-11D0-8D11-00A0C91BC942}") = "028", "028\028.vcxproj", "{5C32910F-CFEA-4E16-90C8-23EAB5EC2158}"
EndProject
Project("{8BC9CEB8-8B4A-11D0-8D11-00A0C91BC942}") = "029", "029\029.vcxproj", "{41B2FE59-64FE-4AA9-9E7E-FFCF5658CB5D}"
EndProject
Project("{8BC9CEB8-8B4A-11D0-8D11-00A0C91BC942}") = "030", "030\030.vcxproj", "{0645DBC6-C36B-482D-ABC3-1FA8E2AC0B1B}"
EndProject
Project("{8BC9CEB8-8B4A-11D0-8D11-00A0C91BC942}") = "031", "031\031.vcxproj", "{13B4FBC7-76D5-4B83-9A6E-63E7C09DA7E0}"
EndProject
Project("{8BC9CEB8-8B4A-11D0-8D11-00A0C91BC942}") = "032", "032\032.vcxproj", "{3C6A5EA3-DF4F-48BB-AA09-9A49DF802EBE}"
EndProject
Project("{8BC9CEB8-8B4A-11D0-8D11-00A0C91BC942}") = "032-CLOVER", "032-CLOVER\032-CLOVER.vcxproj", "{61691059-CEBE-4944-882F-3EE134E437F1}"
EndProject
Project("{8BC9CEB8-8B4A-11D0-8D11-00A0C91BC942}") = "033", "033\033.vcxproj", "{2CDAC46A-8989-4019-9F03-8E2FBEB609C8}"
EndProject
Project("{8BC9CEB8-8B4A-11D0-8D11-00A0C91BC942}") = "034", "034\034.vcxproj", "{F26B860F-029E-4E82-B2D0-B05513472E7D}"
EndProject
Project("{8BC9CEB8-8B4A-11D0-8D11-00A0C91BC942}") = "034-COVER", "034-COVER\034-COVER.vcxproj", "{14FE2C90-CD88-4A31-B00E-BC467C84B26A}"
EndProject
Project("{8BC9CEB8-8B4A-11D0-8D11-00A0C91BC942}") = "035", "035\035.vcxproj", "{5BB480AE-E7BC-40A3-887D-25402BD22ED4}"
EndProject
Project("{8BC9CEB8-8B4A-11D0-8D11-00A0C91BC942}") = "036", "036\036.vcxproj", "{F3C2F6B6-4429-4A7D-9FAD-C5B60D6FB2B7}"
EndProject
Project("{8BC9CEB8-8B4A-11D0-8D11-00A0C91BC942}") = "037", "037\037.vcxproj", "{464D40D8-1D97-4DD2-BD10-CCAD98EB58AD}"
EndProject
Project("{8BC9CEB8-8B4A-11D0-8D11-00A0C91BC942}") = "038", "038\038.vcxproj", "{6DEDBE2C-0E55-468A-AE00-BE58D4DC0B6A}"
EndProject
Project("{8BC9CEB8-8B4A-11D0-8D11-00A0C91BC942}") = "038-HIT", "038-HIT\038-HIT.vcxproj", "{569194F8-8068-408C-9A41-B0C55EB94109}"
EndProject
Project("{8BC9CEB8-8B4A-11D0-8D11-00A0C91BC942}") = "039", "039\039.vcxproj", "{A4B7C731-3D2E-430D-BC05-7A9E49F7BF70}"
EndProject
Project("{8BC9CEB8-8B4A-11D0-8D11-00A0C91BC942}") = "040", "040\040.vcxproj", "{AABD3AEC-1B52-431B-B669-7C2186E088C3}"
EndProject
Global
	GlobalSection(SolutionConfigurationPlatforms) = preSolution
		Debug|x64 = Debug|x64
		Debug|x86 = Debug|x86
		Release|x64 = Release|x64
		Release|x86 = Release|x86
	EndGlobalSection
	GlobalSection(ProjectConfigurationPlatforms) = postSolution
		{89BE6C1B-B751-436B-8F1B-9C975AB9030E}.Debug|x64.ActiveCfg = Debug|x64
		{89BE6C1B-B751-436B-8F1B-9C975AB9030E}.Debug|x64.Build.0 = Debug|x64
		{89BE6C1B-B751-436B-8F1B-9C975AB9030E}.Debug|x86.ActiveCfg = Debug|Win32
		{89BE6C1B-B751-436B-8F1B-9C975AB9030E}.Debug|x86.Build.0 = Debug|Win32
		{89BE6C1B-B751-436B-8F1B-9C975AB9030E}.Release|x64.ActiveCfg = Release|x64
		{89BE6C1B-B751-436B-8F1B-9C975AB9030E}.Release|x64.Build.0 = Release|x64
		{89BE6C1B-B751-436B-8F1B-9C975AB9030E}.Release|x86.ActiveCfg = Release|Win32
		{89BE6C1B-B751-436B-8F1B-9C975AB9030E}.Release|x86.Build.0 = Release|Win32
		{DE5B2FBC-3AD3-4310-8D86-B9C6777FABBA}.Debug|x64.ActiveCfg = Debug|Win32
		{DE5B2FBC-3AD3-4310-8D86-B9C6777FABBA}.Debug|x86.ActiveCfg = Debug|Win32
		{DE5B2FBC-3AD3-4310-8D86-B9C6777FABBA}.Debug|x86.Build.0 = Debug|Win32
		{DE5B2FBC-3AD3-4310-8D86-B9C6777FABBA}.Release|x64.ActiveCfg = Release|Win32
		{DE5B2FBC-3AD3-4310-8D86-B9C6777FABBA}.Release|x86.ActiveCfg = Release|Win32
		{DE5B2FBC-3AD3-4310-8D86-B9C6777FABBA}.Release|x86.Build.0 = Release|Win32
		{5DDC9227-2591-4B9D-9D77-73B985A11A7B}.Debug|x64.ActiveCfg = Debug|Win32
		{5DDC9227-2591-4B9D-9D77-73B985A11A7B}.Debug|x86.ActiveCfg = Debug|Win32
		{5DDC9227-2591-4B9D-9D77-73B985A11A7B}.Debug|x86.Build.0 = Debug|Win32
		{5DDC9227-2591-4B9D-9D77-73B985A11A7B}.Release|x64.ActiveCfg = Release|Win32
		{5DDC9227-2591-4B9D-9D77-73B985A11A7B}.Release|x86.ActiveCfg = Release|Win32
		{5DDC9227-2591-4B9D-9D77-73B985A11A7B}.Release|x86.Build.0 = Release|Win32
		{BB115C53-70BB-492C-96DA-05C02F9B3554}.Debug|x64.ActiveCfg = Debug|Win32
		{BB115C53-70BB-492C-96DA-05C02F9B3554}.Debug|x86.ActiveCfg = Debug|Win32
		{BB115C53-70BB-492C-96DA-05C02F9B3554}.Debug|x86.Build.0 = Debug|Win32
		{BB115C53-70BB-492C-96DA-05C02F9B3554}.Release|x64.ActiveCfg = Release|Win32
		{BB115C53-70BB-492C-96DA-05C02F9B3554}.Release|x86.ActiveCfg = Release|Win32
		{BB115C53-70BB-492C-96DA-05C02F9B3554}.Release|x86.Build.0 = Release|Win32
		{1E210873-57B3-4B91-A137-B73867876665}.Debug|x64.ActiveCfg = Debug|Win32
		{1E210873-57B3-4B91-A137-B73867876665}.Debug|x86.ActiveCfg = Debug|Win32
		{1E210873-57B3-4B91-A137-B73867876665}.Debug|x86.Build.0 = Debug|Win32
		{1E210873-57B3-4B91-A137-B73867876665}.Release|x64.ActiveCfg = Release|Win32
		{1E210873-57B3-4B91-A137-B73867876665}.Release|x86.ActiveCfg = Release|Win32
		{1E210873-57B3-4B91-A137-B73867876665}.Release|x86.Build.0 = Release|Win32
		{0C6A4724-0BEB-410D-AA71-BF8DD33AEE5A}.Debug|x64.ActiveCfg = Debug|Win32
		{0C6A4724-0BEB-410D-AA71-BF8DD33AEE5A}.Debug|x86.ActiveCfg = Debug|Win32
		{0C6A4724-0BEB-410D-AA71-BF8DD33AEE5A}.Debug|x86.Build.0 = Debug|Win32
		{0C6A4724-0BEB-410D-AA71-BF8DD33AEE5A}.Release|x64.ActiveCfg = Release|Win32
		{0C6A4724-0BEB-410D-AA71-BF8DD33AEE5A}.Release|x86.ActiveCfg = Release|Win32
		{0C6A4724-0BEB-410D-AA71-BF8DD33AEE5A}.Release|x86.Build.0 = Release|Win32
		{486D39A8-362D-4ACB-8B56-DB272D6AEB8C}.Debug|x64.ActiveCfg = Debug|Win32
		{486D39A8-362D-4ACB-8B56-DB272D6AEB8C}.Debug|x86.ActiveCfg = Debug|Win32
		{486D39A8-362D-4ACB-8B56-DB272D6AEB8C}.Debug|x86.Build.0 = Debug|Win32
		{486D39A8-362D-4ACB-8B56-DB272D6AEB8C}.Release|x64.ActiveCfg = Release|Win32
		{486D39A8-362D-4ACB-8B56-DB272D6AEB8C}.Release|x86.ActiveCfg = Release|Win32
		{486D39A8-362D-4ACB-8B56-DB272D6AEB8C}.Release|x86.Build.0 = Release|Win32
		{5C32910F-CFEA-4E16-90C8-23EAB5EC2158}.Debug|x64.ActiveCfg = Debug|Win32
		{5C32910F-CFEA-4E16-90C8-23EAB5EC2158}.Debug|x86.ActiveCfg = Debug|Win32
		{5C32910F-CFEA-4E16-90C8-23EAB5EC2158}.Debug|x86.Build.0 = Debug|Win32
		{5C32910F-CFEA-4E16-90C8-23EAB5EC2158}.Release|x64.ActiveCfg = Release|Win32
		{5C32910F-CFEA-4E16-90C8-23EAB5EC2158}.Release|x86.ActiveCfg = Release|Win32
		{5C32910F-CFEA-4E16-90C8-23EAB5EC2158}.Release|x86.Build.0 = Release|Win32
		{41B2FE59-64FE-4AA9-9E7E-FFCF5658CB5D}.Debug|x64.ActiveCfg = Debug|Win32
		{41B2FE59-64FE-4AA9-9E7E-FFCF5658CB5D}.Debug|x86.ActiveCfg = Debug|Win32
		{41B2FE59-64FE-4AA9-9E7E-FFCF5658CB5D}.Debug|x86.Build.0 = Debug|Win32
		{41B2FE59-64FE-4AA9-9E7E-FFCF5658CB5D}.Release|x64.ActiveCfg = Release|Win32
		{41B2FE59-64FE-4AA9-9E7E-FFCF5658CB5D}.Release|x86.ActiveCfg = Release|Win32
		{41B2FE59-64FE-4AA9-9E7E-FFCF5658CB5D}.Release|x86.Build.0 = Release|Win32
		{0645DBC6-C36B-482D-ABC3-1FA8E2AC0B1B}.Debug|x64.ActiveCfg = Debug|Win32
		{0645DBC6-C36B-482D-ABC3-1FA8E2AC0B1B}.Debug|x86.ActiveCfg = Debug|Win32
		{0645DBC6-C36B-482D-ABC3-1FA8E2AC0B1B}.Debug|x86.Build.0 = Debug|Win32
		{0645DBC6-C36B-482D-ABC3-1FA8E2AC0B1B}.Release|x64.ActiveCfg = Release|Win32
		{0645DBC6-C36B-482D-ABC3-1FA8E2AC0B1B}.Release|x86.ActiveCfg = Release|Win32
		{0645DBC6-C36B-482D-ABC3-1FA8E2AC0B1B}.Release|x86.Build.0 = Release|Win32
		{13B4FBC7-76D5-4B83-9A6E-63E7C09DA7E0}.Debug|x64.ActiveCfg = Debug|Win32
		{13B4FBC7-76D5-4B83-9A6E-63E7C09DA7E0}.Debug|x86.ActiveCfg = Debug|Win32
		{13B4FBC7-76D5-4B83-9A6E-63E7C09DA7E0}.Debug|x86.Build.0 = Debug|Win32
		{13B4FBC7-76D5-4B83-9A6E-63E7C09DA7E0}.Release|x64.ActiveCfg = Release|Win32
		{13B4FBC7-76D5-4B83-9A6E-63E7C09DA7E0}.Release|x86.ActiveCfg = Release|Win32
		{13B4FBC7-76D5-4B83-9A6E-63E7C09DA7E0}.Release|x86.Build.0 = Release|Win32
		{3C6A5EA3-DF4F-48BB-AA09-9A49DF802EBE}.Debug|x64.ActiveCfg = Debug|Win32
		{3C6A5EA3-DF4F-48BB-AA09-9A49DF802EBE}.Debug|x86.ActiveCfg = Debug|Win32
		{3C6A5EA3-DF4F-48BB-AA09-9A49DF802EBE}.Debug|x86.Build.0 = Debug|Win32
		{3C6A5EA3-DF4F-48BB-AA09-9A49DF802EBE}.Release|x64.ActiveCfg = Release|Win32
		{3C6A5EA3-DF4F-48BB-AA09-9A49DF802EBE}.Release|x86.ActiveCfg = Release|Win32
		{3C6A5EA3-DF4F-48BB-AA09-9A49DF802EBE}.Release|x86.Build.0 = Release|Win32
		{61691059-CEBE-4944-882F-3EE134E437F1}.Debug|x64.ActiveCfg = Debug|Win32
		{61691059-CEBE-4944-882F-3EE134E437F1}.Debug|x86.ActiveCfg = Debug|Win32
		{61691059-CEBE-4944-882F-3EE134E437F1}.Debug|x86.Build.0 = Debug|Win32
		{61691059-CEBE-4944-882F-3EE134E437F1}.Release|x64.ActiveCfg = Release|Win32
		{61691059-CEBE-4944-882F-3EE134E437F1}.Release|x86.ActiveCfg = Release|Win32
		{61691059-CEBE-4944-882F-3EE134E437F1}.Release|x86.Build.0 = Release|Win32
		{2CDAC46A-8989-4019-9F03-8E2FBEB609C8}.Debug|x64.ActiveCfg = Debug|Win32
		{2CDAC46A-8989-4019-9F03-8E2FBEB609C8}.Debug|x86.ActiveCfg = Debug|Win32
		{2CDAC46A-8989-4019-9F03-8E2FBEB609C8}.Debug|x86.Build.0 = Debug|Win32
		{2CDAC46A-8989-4019-9F03-8E2FBEB609C8}.Release|x64.ActiveCfg = Release|Win32
		{2CDAC46A-8989-4019-9F03-8E2FBEB609C8}.Release|x86.ActiveCfg = Release|Win32
		{2CDAC46A-8989-4019-9F03-8E2FBEB609C8}.Release|x86.Build.0 = Release|Win32
		{F26B860F-029E-4E82-B2D0-B05513472E7D}.Debug|x64.ActiveCfg = Debug|Win32
		{F26B860F-029E-4E82-B2D0-B05513472E7D}.Debug|x86.ActiveCfg = Debug|Win32
		{F26B860F-029E-4E82-B2D0-B05513472E7D}.Debug|x86.Build.0 = Debug|Win32
		{F26B860F-029E-4E82-B2D0-B05513472E7D}.Release|x64.ActiveCfg = Release|Win32
		{F26B860F-029E-4E82-B2D0-B05513472E7D}.Release|x86.ActiveCfg = Release|Win32
		{F26B860F-029E-4E82-B2D0-B05513472E7D}.Release|x86.Build.0 = Release|Win32
		{14FE2C90-CD88-4A31-B00E-BC467C84B26A}.Debug|x64.ActiveCfg = Debug|Win32
		{14FE2C90-CD88-4A31-B00E-BC467C84B26A}.Debug|x86.ActiveCfg = Debug|Win32
		{14FE2C90-CD88-4A31-B00E-BC467C84B26A}.Debug|x86.Build.0 = Debug|Win32
		{14FE2C90-CD88-4A31-B00E-BC467C84B26A}.Release|x64.ActiveCfg = Release|Win32
		{14FE2C90-CD88-4A31-B00E-BC467C84B26A}.Release|x86.ActiveCfg = Release|Win32
		{14FE2C90-CD88-4A31-B00E-BC467C84B26A}.Release|x86.Build.0 = Release|Win32
		{5BB480AE-E7BC-40A3-887D-25402BD22ED4}.Debug|x64.ActiveCfg = Debug|Win32
		{5BB480AE-E7BC-40A3-887D-25402BD22ED4}.Debug|x86.ActiveCfg = Debug|Win32
		{5BB480AE-E7BC-40A3-887D-25402BD22ED4}.Debug|x86.Build.0 = Debug|Win32
		{5BB480AE-E7BC-40A3-887D-25402BD22ED4}.Release|x64.ActiveCfg = Release|Win32
		{5BB480AE-E7BC-40A3-887D-25402BD22ED4}.Release|x86.ActiveCfg = Release|Win32
		{5BB480AE-E7BC-40A3-887D-25402BD22ED4}.Release|x86.Build.0 = Release|Win32
		{F3C2F6B6-4429-4A7D-9FAD-C5B60D6FB2B7}.Debug|x64.ActiveCfg = Debug|Win32
		{F3C2F6B6-4429-4A7D-9FAD-C5B60D6FB2B7}.Debug|x86.ActiveCfg = Debug|Win32
		{F3C2F6B6-4429-4A7D-9FAD-C5B60D6FB2B7}.Debug|x86.Build.0 = Debug|Win32
		{F3C2F6B6-4429-4A7D-9FAD-C5B60D6FB2B7}.Release|x64.ActiveCfg = Release|Win32
		{F3C2F6B6-4429-4A7D-9FAD-C5B60D6FB2B7}.Release|x86.ActiveCfg = Release|Win32
		{F3C2F6B6-4429-4A7D-9FAD-C5B60D6FB2B7}.Release|x86.Build.0 = Release|Win32
		{464D40D8-1D97-4DD2-BD10-CCAD98EB58AD}.Debug|x64.ActiveCfg = Debug|Win32
		{464D40D8-1D97-4DD2-BD10-CCAD98EB58AD}.Debug|x86.ActiveCfg = Debug|Win32
		{464D40D8-1D97-4DD2-BD10-CCAD98EB58AD}.Debug|x86.Build.0 = Debug|Win32
		{464D40D8-1D97-4DD2-BD10-CCAD98EB58AD}.Release|x64.ActiveCfg = Release|Win32
		{464D40D8-1D97-4DD2-BD10-CCAD98EB58AD}.Release|x86.ActiveCfg = Release|Win32
		{464D40D8-1D97-4DD2-BD10-CCAD98EB58AD}.Release|x86.Build.0 = Release|Win32
		{6DEDBE2C-0E55-468A-AE00-BE58D4DC0B6A}.Debug|x64.ActiveCfg = Debug|Win32
		{6DEDBE2C-0E55-468A-AE00-BE58D4DC0B6A}.Debug|x86.ActiveCfg = Debug|Win32
		{6DEDBE2C-0E55-468A-AE00-BE58D4DC0B6A}.Debug|x86.Build.0 = Debug|Win32
		{6DEDBE2C-0E55-468A-AE00-BE58D4DC0B6A}.Release|x64.ActiveCfg = Release|Win32
		{6DEDBE2C-0E55-468A-AE00-BE58D4DC0B6A}.Release|x86.ActiveCfg = Release|Win32
		{6DEDBE2C-0E55-468A-AE00-BE58D4DC0B6A}.Release|x86.Build.0 = Release|Win32
		{569194F8-8068-408C-9A41-B0C55EB94109}.Debug|x64.ActiveCfg = Debug|Win32
		{569194F8-8068-408C-9A41-B0C55EB94109}.Debug|x86.ActiveCfg = Debug|Win32
		{569194F8-8068-408C-9A41-B0C55EB94109}.Debug|x86.Build.0 = Debug|Win32
		{569194F8-8068-408C-9A41-B0C55EB94109}.Release|x64.ActiveCfg = Release|Win32
		{569194F8-8068-408C-9A41-B0C55EB94109}.Release|x86.ActiveCfg = Release|Win32
		{569194F8-8068-408C-9A41-B0C55EB94109}.Release|x86.Build.0 = Release|Win32
		{A4B7C731-3D2E-430D-BC05-7A9E49F7BF70}.Debug|x64.ActiveCfg = Debug|Win32
		{A4B7C731-3D2E-430D-BC05-7A9E49F7BF70}.Debug|x86.ActiveCfg = Debug|Win32
		{A4B7C731-3D2E-430D-BC05-7A9E49F7BF70}.Debug|x86.Build.0 = Debug|Win32
		{A4B7C731-3D2E-430D-BC05-7A9E49F7BF70}.Release|x64.ActiveCfg = Release|Win32
		{A4B7C731-3D2E-430D-BC05-7A9E49F7BF70}.Release|x86.ActiveCfg = Release|Win32
		{A4B7C731-3D2E-430D-BC05-7A9E49F7BF70}.Release|x86.Build.0 = Release|Win32
		{AABD3AEC-1B52-431B-B669-7C2186E088C3}.Debug|x64.ActiveCfg = Debug|Win32
		{AABD3AEC-1B52-431B-B669-7C2186E088C3}.Debug|x86.ActiveCfg = Debug|Win32
		{AABD3AEC-1B52-431B-B669-7C2186E088C3}.Debug|x86.Build.0 = Debug|Win32
		{AABD3AEC-1B52-431B-B669-7C2186E088C3}.Release|x64.ActiveCfg = Release|Win32
		{AABD3AEC-1B52-431B-B669-7C2186E088C3}.Release|x86.ActiveCfg = Release|Win32
		{AABD3AEC-1B52-431B-B669-7C2186E088C3}.Release|x86.Build.0 = Release|Win32
	EndGlobalSection
	GlobalSection(SolutionProperties) = preSolution
		HideSolutionNode = FALSE
	EndGlobalSection
EndGlobal
